
Microsoft Visual Studio Solution File, Format Version 12.00
# Visual Studio Version 17
VisualStudioVersion = 17.14.36811.4
MinimumVisualStudioVersion = 10.0.40219.1
Project("{FAE04EC0-301F-11D3-BF4B-00C04F79EFBC}") = "SimpleDiffusion", "SimpleDiffusion.csproj", "{9890B9B1-D003-54E9-E113-712C6315858A}"
EndProject
Global
	GlobalSection(SolutionConfigurationPlatforms) = preSolution
		Debug|Any CPU = Debug|Any CPU
		Release|Any CPU = Release|Any CPU
	EndGlobalSection
	GlobalSection(ProjectConfigurationPlatforms) = postSolution
		{9890B9B1-D003-54E9-E113-712C6315858A}.Debug|Any CPU.ActiveCfg = Debug|Any CPU
		{9890B9B1-D003-54E9-E113-712C6315858A}.Debug|Any CPU.Build.0 = Debug|Any CPU
		{9890B9B1-D003-54E9-E113-712C6315858A}.Release|Any CPU.ActiveCfg = Release|Any CPU
		{9890B9B1-D003-54E9-E113-712C6315858A}.Release|Any CPU.Build.0 = Release|Any CPU
	EndGlobalSection
	GlobalSection(SolutionProperties) = preSolution
		HideSolutionNode = FALSE
	EndGlobalSection
	GlobalSection(ExtensibilityGlobals) = postSolution
		SolutionGuid = {B895F7F8-F681-4D18-A710-A1DFD2CC17BE}
	EndGlobalSection
EndGlobal
